// !$*UTF8*$!
{
	archiveVersion = 1;
	classes = {
	};
	objectVersion = 56;
	objects = {

/* Begin PBXBuildFile section */
		2714D0472C67AD2D0049F24B /* RealityKitContent in Frameworks */ = {isa = PBXBuildFile; productRef = 2714D0462C67AD2D0049F24B /* RealityKitContent */; };
		2714D0492C67AD2D0049F24B /* Portal_BoxApp.swift in Sources */ = {isa = PBXBuildFile; fileRef = 2714D0482C67AD2D0049F24B /* Portal_BoxApp.swift */; };
		2714D04B2C67AD2D0049F24B /* ContentView.swift in Sources */ = {isa = PBXBuildFile; fileRef = 2714D04A2C67AD2D0049F24B /* ContentView.swift */; };
		2714D04D2C67AD2D0049F24B /* ImmersiveView.swift in Sources */ = {isa = PBXBuildFile; fileRef = 2714D04C2C67AD2D0049F24B /* ImmersiveView.swift */; };
		2714D04F2C67AD2E0049F24B /* Assets.xcassets in Resources */ = {isa = PBXBuildFile; fileRef = 2714D04E2C67AD2E0049F24B /* Assets.xcassets */; };
		2714D0522C67AD2E0049F24B /* Preview Assets.xcassets in Resources */ = {isa = PBXBuildFile; fileRef = 2714D0512C67AD2E0049F24B /* Preview Assets.xcassets */; };
		2714D05D2C67ADBF0049F24B /* skybox1.hdr in Resources */ = {isa = PBXBuildFile; fileRef = 2714D0592C67ADBC0049F24B /* skybox1.hdr */; };
		2714D05E2C67ADBF0049F24B /* skybox4.hdr in Resources */ = {isa = PBXBuildFile; fileRef = 2714D05A2C67ADBD0049F24B /* skybox4.hdr */; };
		2714D05F2C67ADBF0049F24B /* skybox2.hdr in Resources */ = {isa = PBXBuildFile; fileRef = 2714D05B2C67ADBE0049F24B /* skybox2.hdr */; };
		2714D0602C67ADBF0049F24B /* skybox3.hdr in Resources */ = {isa = PBXBuildFile; fileRef = 2714D05C2C67ADBF0049F24B /* skybox3.hdr */; };
/* End PBXBuildFile section */

/* Begin PBXFileReference section */
		2714D0412C67AD2D0049F24B /* Portal Box.app */ = {isa = PBXFileReference; explicitFileType = wrapper.application; includeInIndex = 0; path = "Portal Box.app"; sourceTree = BUILT_PRODUCTS_DIR; };
		2714D0452C67AD2D0049F24B /* RealityKitContent */ = {isa = PBXFileReference; lastKnownFileType = wrapper; path = RealityKitContent; sourceTree = "<group>"; };
		2714D0482C67AD2D0049F24B /* Portal_BoxApp.swift */ = {isa = PBXFileReference; lastKnownFileType = sourcecode.swift; path = Portal_BoxApp.swift; sourceTree = "<group>"; };
		2714D04A2C67AD2D0049F24B /* ContentView.swift */ = {isa = PBXFileReference; lastKnownFileType = sourcecode.swift; path = ContentView.swift; sourceTree = "<group>"; };
		2714D04C2C67AD2D0049F24B /* ImmersiveView.swift */ = {isa = PBXFileReference; lastKnownFileType = sourcecode.swift; path = ImmersiveView.swift; sourceTree = "<group>"; };
		2714D04E2C67AD2E0049F24B /* Assets.xcassets */ = {isa = PBXFileReference; lastKnownFileType = folder.assetcatalog; path = Assets.xcassets; sourceTree = "<group>"; };
		2714D0512C67AD2E0049F24B /* Preview Assets.xcassets */ = {isa = PBXFileReference; lastKnownFileType = folder.assetcatalog; path = "Preview Assets.xcassets"; sourceTree = "<group>"; };
		2714D0532C67AD2E0049F24B /* Info.plist */ = {isa = PBXFileReference; lastKnownFileType = text.plist.xml; path = Info.plist; sourceTree = "<group>"; };
		2714D0592C67ADBC0049F24B /* skybox1.hdr */ = {isa = PBXFileReference; lastKnownFileType = file; path = skybox1.hdr; sourceTree = "<group>"; };
		2714D05A2C67ADBD0049F24B /* skybox4.hdr */ = {isa = PBXFileReference; lastKnownFileType = file; path = skybox4.hdr; sourceTree = "<group>"; };
		2714D05B2C67ADBE0049F24B /* skybox2.hdr */ = {isa = PBXFileReference; lastKnownFileType = file; path = skybox2.hdr; sourceTree = "<group>"; };
		2714D05C2C67ADBF0049F24B /* skybox3.hdr */ = {isa = PBXFileReference; lastKnownFileType = file; path = skybox3.hdr; sourceTree = "<group>"; };
/* End PBXFileReference section */

/* Begin PBXFrameworksBuildPhase section */
		2714D03E2C67AD2D0049F24B /* Frameworks */ = {
			isa = PBXFrameworksBuildPhase;
			buildActionMask = 2147483647;
			files = (
				2714D0472C67AD2D0049F24B /* RealityKitContent in Frameworks */,
			);
			runOnlyForDeploymentPostprocessing = 0;
		};
/* End PBXFrameworksBuildPhase section */

/* Begin PBXGroup section */
		2714D0382C67AD2D0049F24B = {
			isa = PBXGroup;
			children = (
				2714D0432C67AD2D0049F24B /* Portal Box */,
				2714D0442C67AD2D0049F24B /* Packages */,
				2714D0422C67AD2D0049F24B /* Products */,
			);
			sourceTree = "<group>";
		};
		2714D0422C67AD2D0049F24B /* Products */ = {
			isa = PBXGroup;
			children = (
				2714D0412C67AD2D0049F24B /* Portal Box.app */,
			);
			name = Products;
			sourceTree = "<group>";
		};
		2714D0432C67AD2D0049F24B /* Portal Box */ = {
			isa = PBXGroup;
			children = (
				2714D0482C67AD2D0049F24B /* Portal_BoxApp.swift */,
				2714D04A2C67AD2D0049F24B /* ContentView.swift */,
				2714D04C2C67AD2D0049F24B /* ImmersiveView.swift */,
				2714D0592C67ADBC0049F24B /* skybox1.hdr */,
				2714D05B2C67ADBE0049F24B /* skybox2.hdr */,
				2714D05C2C67ADBF0049F24B /* skybox3.hdr */,
				2714D05A2C67ADBD0049F24B /* skybox4.hdr */,
				2714D04E2C67AD2E0049F24B /* Assets.xcassets */,
				2714D0532C67AD2E0049F24B /* Info.plist */,
				2714D0502C67AD2E0049F24B /* Preview Content */,
			);
			path = "Portal Box";
			sourceTree = "<group>";
		};
		2714D0442C67AD2D0049F24B /* Packages */ = {
			isa = PBXGroup;
			children = (
				2714D0452C67AD2D0049F24B /* RealityKitContent */,
			);
			path = Packages;
			sourceTree = "<group>";
		};
		2714D0502C67AD2E0049F24B /* Preview Content */ = {
			isa = PBXGroup;
			children = (
				2714D0512C67AD2E0049F24B /* Preview Assets.xcassets */,
			);
			path = "Preview Content";
			sourceTree = "<group>";
		};
/* End PBXGroup section */

/* Begin PBXNativeTarget section */
		2714D0402C67AD2D0049F24B /* Portal Box */ = {
			isa = PBXNativeTarget;
			buildConfigurationList = 2714D0562C67AD2E0049F24B /* Build configuration list for PBXNativeTarget "Portal Box" */;
			buildPhases = (
				2714D03D2C67AD2D0049F24B /* Sources */,
				2714D03E2C67AD2D0049F24B /* Frameworks */,
				2714D03F2C67AD2D0049F24B /* Resources */,
			);
			buildRules = (
			);
			dependencies = (
			);
			name = "Portal Box";
			packageProductDependencies = (
				2714D0462C67AD2D0049F24B /* RealityKitContent */,
			);
			productName = "Portal Box";
			productReference = 2714D0412C67AD2D0049F24B /* Portal Box.app */;
			productType = "com.apple.product-type.application";
		};
/* End PBXNativeTarget section */

/* Begin PBXProject section */
		2714D0392C67AD2D0049F24B /* Project object */ = {
			isa = PBXProject;
			attributes = {
				BuildIndependentTargetsInParallel = 1;
				LastSwiftUpdateCheck = 1540;
				LastUpgradeCheck = 1540;
				TargetAttributes = {
					2714D0402C67AD2D0049F24B = {
						CreatedOnToolsVersion = 15.4;
					};
				};
			};
			buildConfigurationList = 2714D03C2C67AD2D0049F24B /* Build configuration list for PBXProject "Portal Box" */;
			compatibilityVersion = "Xcode 14.0";
			developmentRegion = en;
			hasScannedForEncodings = 0;
			knownRegions = (
				en,
				Base,
			);
			mainGroup = 2714D0382C67AD2D0049F24B;
			productRefGroup = 2714D0422C67AD2D0049F24B /* Products */;
			projectDirPath = "";
			projectRoot = "";
			targets = (
				2714D0402C67AD2D0049F24B /* Portal Box */,
			);
		};
/* End PBXProject section */

/* Begin PBXResourcesBuildPhase section */
		2714D03F2C67AD2D0049F24B /* Resources */ = {
			isa = PBXResourcesBuildPhase;
			buildActionMask = 2147483647;
			files = (
				2714D0602C67ADBF0049F24B /* skybox3.hdr in Resources */,
				2714D05D2C67ADBF0049F24B /* skybox1.hdr in Resources */,
				2714D0522C67AD2E0049F24B /* Preview Assets.xcassets in Resources */,
				2714D04F2C67AD2E0049F24B /* Assets.xcassets in Resources */,
				2714D05F2C67ADBF0049F24B /* skybox2.hdr in Resources */,
				2714D05E2C67ADBF0049F24B /* skybox4.hdr in Resources */,
			);
			runOnlyForDeploymentPostprocessing = 0;
		};
/* End PBXResourcesBuildPhase section */

/* Begin PBXSourcesBuildPhase section */
		2714D03D2C67AD2D0049F24B /* Sources */ = {
			isa = PBXSourcesBuildPhase;
			buildActionMask = 2147483647;
			files = (
				2714D04B2C67AD2D0049F24B /* ContentView.swift in Sources */,
				2714D0492C67AD2D0049F24B /* Portal_BoxApp.swift in Sources */,
				2714D04D2C67AD2D0049F24B /* ImmersiveView.swift in Sources */,
			);
			runOnlyForDeploymentPostprocessing = 0;
		};
/* End PBXSourcesBuildPhase section */

/* Begin XCBuildConfiguration section */
		2714D0542C67AD2E0049F24B /* Debug */ = {
			isa = XCBuildConfiguration;
			buildSettings = {
				ALWAYS_SEARCH_USER_PATHS = NO;
				ASSETCATALOG_COMPILER_GENERATE_SWIFT_ASSET_SYMBOL_EXTENSIONS = YES;
				CLANG_ANALYZER_NONNULL = YES;
				CLANG_ANALYZER_NUMBER_OBJECT_CONVERSION = YES_AGGRESSIVE;
				CLANG_CXX_LANGUAGE_STANDARD = "gnu++20";
				CLANG_ENABLE_MODULES = YES;
				CLANG_ENABLE_OBJC_ARC = YES;
				CLANG_ENABLE_OBJC_WEAK = YES;
				CLANG_WARN_BLOCK_CAPTURE_AUTORELEASING = YES;
				CLANG_WARN_BOOL_CONVERSION = YES;
				CLANG_WARN_COMMA = YES;
				CLANG_WARN_CONSTANT_CONVERSION = YES;
				CLANG_WARN_DEPRECATED_OBJC_IMPLEMENTATIONS = YES;
				CLANG_WARN_DIRECT_OBJC_ISA_USAGE = YES_ERROR;
				CLANG_WARN_DOCUMENTATION_COMMENTS = YES;
				CLANG_WARN_EMPTY_BODY = YES;
				CLANG_WARN_ENUM_CONVERSION = YES;
				CLANG_WARN_INFINITE_RECURSION = YES;
				CLANG_WARN_INT_CONVERSION = YES;
				CLANG_WARN_NON_LITERAL_NULL_CONVERSION = YES;
				CLANG_WARN_OBJC_IMPLICIT_RETAIN_SELF = YES;
				CLANG_WARN_OBJC_LITERAL_CONVERSION = YES;
				CLANG_WARN_OBJC_ROOT_CLASS = YES_ERROR;
				CLANG_WARN_QUOTED_INCLUDE_IN_FRAMEWORK_HEADER = YES;
				CLANG_WARN_RANGE_LOOP_ANALYSIS = YES;
				CLANG_WARN_STRICT_PROTOTYPES = YES;
				CLANG_WARN_SUSPICIOUS_MOVE = YES;
				CLANG_WARN_UNGUARDED_AVAILABILITY = YES_AGGRESSIVE;
				CLANG_WARN_UNREACHABLE_CODE = YES;
				CLANG_WARN__DUPLICATE_METHOD_MATCH = YES;
				COPY_PHASE_STRIP = NO;
				DEBUG_INFORMATION_FORMAT = dwarf;
				ENABLE_STRICT_OBJC_MSGSEND = YES;
				ENABLE_TESTABILITY = YES;
				ENABLE_USER_SCRIPT_SANDBOXING = YES;
				GCC_C_LANGUAGE_STANDARD = gnu17;
				GCC_DYNAMIC_NO_PIC = NO;
				GCC_NO_COMMON_BLOCKS = YES;
				GCC_OPTIMIZATION_LEVEL = 0;
				GCC_PREPROCESSOR_DEFINITIONS = (
					"DEBUG=1",
					"$(inherited)",
				);
				GCC_WARN_64_TO_32_BIT_CONVERSION = YES;
				GCC_WARN_ABOUT_RETURN_TYPE = YES_ERROR;
				GCC_WARN_UNDECLARED_SELECTOR = YES;
				GCC_WARN_UNINITIALIZED_AUTOS = YES_AGGRESSIVE;
				GCC_WARN_UNUSED_FUNCTION = YES;
				GCC_WARN_UNUSED_VARIABLE = YES;
				LOCALIZATION_PREFERS_STRING_CATALOGS = YES;
				MTL_ENABLE_DEBUG_INFO = INCLUDE_SOURCE;
				MTL_FAST_MATH = YES;
				ONLY_ACTIVE_ARCH = YES;
				SDKROOT = xros;
				SWIFT_ACTIVE_COMPILATION_CONDITIONS = "DEBUG $(inherited)";
				SWIFT_OPTIMIZATION_LEVEL = "-Onone";
				XROS_DEPLOYMENT_TARGET = 1.2;
			};
			name = Debug;
		};
		2714D0552C67AD2E0049F24B /* Release */ = {
			isa = XCBuildConfiguration;
			buildSettings = {
				ALWAYS_SEARCH_USER_PATHS = NO;
				ASSETCATALOG_COMPILER_GENERATE_SWIFT_ASSET_SYMBOL_EXTENSIONS = YES;
				CLANG_ANALYZER_NONNULL = YES;
				CLANG_ANALYZER_NUMBER_OBJECT_CONVERSION = YES_AGGRESSIVE;
				CLANG_CXX_LANGUAGE_STANDARD = "gnu++20";
				CLANG_ENABLE_MODULES = YES;
				CLANG_ENABLE_OBJC_ARC = YES;
				CLANG_ENABLE_OBJC_WEAK = YES;
				CLANG_WARN_BLOCK_CAPTURE_AUTORELEASING = YES;
				CLANG_WARN_BOOL_CONVERSION = YES;
				CLANG_WARN_COMMA = YES;
				CLANG_WARN_CONSTANT_CONVERSION = YES;
				CLANG_WARN_DEPRECATED_OBJC_IMPLEMENTATIONS = YES;
				CLANG_WARN_DIRECT_OBJC_ISA_USAGE = YES_ERROR;
				CLANG_WARN_DOCUMENTATION_COMMENTS = YES;
				CLANG_WARN_EMPTY_BODY = YES;
				CLANG_WARN_ENUM_CONVERSION = YES;
				CLANG_WARN_INFINITE_RECURSION = YES;
				CLANG_WARN_INT_CONVERSION = YES;
				CLANG_WARN_NON_LITERAL_NULL_CONVERSION = YES;
				CLANG_WARN_OBJC_IMPLICIT_RETAIN_SELF = YES;
				CLANG_WARN_OBJC_LITERAL_CONVERSION = YES;
				CLANG_WARN_OBJC_ROOT_CLASS = YES_ERROR;
				CLANG_WARN_QUOTED_INCLUDE_IN_FRAMEWORK_HEADER = YES;
				CLANG_WARN_RANGE_LOOP_ANALYSIS = YES;
				CLANG_WARN_STRICT_PROTOTYPES = YES;
				CLANG_WARN_SUSPICIOUS_MOVE = YES;
				CLANG_WARN_UNGUARDED_AVAILABILITY = YES_AGGRESSIVE;
				CLANG_WARN_UNREACHABLE_CODE = YES;
				CLANG_WARN__DUPLICATE_METHOD_MATCH = YES;
				COPY_PHASE_STRIP = NO;
				DEBUG_INFORMATION_FORMAT = "dwarf-with-dsym";
				ENABLE_NS_ASSERTIONS = NO;
				ENABLE_STRICT_OBJC_MSGSEND = YES;
				ENABLE_USER_SCRIPT_SANDBOXING = YES;
				GCC_C_LANGUAGE_STANDARD = gnu17;
				GCC_NO_COMMON_BLOCKS = YES;
				GCC_WARN_64_TO_32_BIT_CONVERSION = YES;
				GCC_WARN_ABOUT_RETURN_TYPE = YES_ERROR;
				GCC_WARN_UNDECLARED_SELECTOR = YES;
				GCC_WARN_UNINITIALIZED_AUTOS = YES_AGGRESSIVE;
				GCC_WARN_UNUSED_FUNCTION = YES;
				GCC_WARN_UNUSED_VARIABLE = YES;
				LOCALIZATION_PREFERS_STRING_CATALOGS = YES;
				MTL_ENABLE_DEBUG_INFO = NO;
				MTL_FAST_MATH = YES;
				SDKROOT = xros;
				SWIFT_COMPILATION_MODE = wholemodule;
				VALIDATE_PRODUCT = YES;
				XROS_DEPLOYMENT_TARGET = 1.2;
			};
			name = Release;
		};
		2714D0572C67AD2E0049F24B /* Debug */ = {
			isa = XCBuildConfiguration;
			buildSettings = {
				ASSETCATALOG_COMPILER_APPICON_NAME = AppIcon;
				ASSETCATALOG_COMPILER_GLOBAL_ACCENT_COLOR_NAME = AccentColor;
				CODE_SIGN_STYLE = Automatic;
				CURRENT_PROJECT_VERSION = 1;
				DEVELOPMENT_ASSET_PATHS = "\"Portal Box/Preview Content\"";
				DEVELOPMENT_TEAM = JV9PMB7QFN;
				ENABLE_PREVIEWS = YES;
				GENERATE_INFOPLIST_FILE = YES;
				INFOPLIST_FILE = "$(TARGET_NAME)/Info.plist";
				LD_RUNPATH_SEARCH_PATHS = (
					"$(inherited)",
					"@executable_path/Frameworks",
				);
				MARKETING_VERSION = 1.0;
				PRODUCT_BUNDLE_IDENTIFIER = "Sarang-Borude.Portal-Box";
				PRODUCT_NAME = "$(TARGET_NAME)";
				SUPPORTED_PLATFORMS = "xros xrsimulator";
				SWIFT_EMIT_LOC_STRINGS = YES;
				SWIFT_VERSION = 5.0;
				TARGETED_DEVICE_FAMILY = "1,2,7";
			};
			name = Debug;
		};
		2714D0582C67AD2E0049F24B /* Release */ = {
			isa = XCBuildConfiguration;
			buildSettings = {
				ASSETCATALOG_COMPILER_APPICON_NAME = AppIcon;
				ASSETCATALOG_COMPILER_GLOBAL_ACCENT_COLOR_NAME = AccentColor;
				CODE_SIGN_STYLE = Automatic;
				CURRENT_PROJECT_VERSION = 1;
				DEVELOPMENT_ASSET_PATHS = "\"Portal Box/Preview Content\"";
				DEVELOPMENT_TEAM = JV9PMB7QFN;
				ENABLE_PREVIEWS = YES;
				GENERATE_INFOPLIST_FILE = YES;
				INFOPLIST_FILE = "$(TARGET_NAME)/Info.plist";
				LD_RUNPATH_SEARCH_PATHS = (
					"$(inherited)",
					"@executable_path/Frameworks",
				);
				MARKETING_VERSION = 1.0;
				PRODUCT_BUNDLE_IDENTIFIER = "Sarang-Borude.Portal-Box";
				PRODUCT_NAME = "$(TARGET_NAME)";
				SUPPORTED_PLATFORMS = "xros xrsimulator";
				SWIFT_EMIT_LOC_STRINGS = YES;
				SWIFT_VERSION = 5.0;
				TARGETED_DEVICE_FAMILY = "1,2,7";
			};
			name = Release;
		};
/* End XCBuildConfiguration section */

/* Begin XCConfigurationList section */
		2714D03C2C67AD2D0049F24B /* Build configuration list for PBXProject "Portal Box" */ = {
			isa = XCConfigurationList;
			buildConfigurations = (
				2714D0542C67AD2E0049F24B /* Debug */,
				2714D0552C67AD2E0049F24B /* Release */,
			);
			defaultConfigurationIsVisible = 0;
			defaultConfigurationName = Release;
		};
		2714D0562C67AD2E0049F24B /* Build configuration list for PBXNativeTarget "Portal Box" */ = {
			isa = XCConfigurationList;
			buildConfigurations = (
				2714D0572C67AD2E0049F24B /* Debug */,
				2714D0582C67AD2E0049F24B /* Release */,
			);
			defaultConfigurationIsVisible = 0;
			defaultConfigurationName = Release;
		};
/* End XCConfigurationList section */

/* Begin XCSwiftPackageProductDependency section */
		2714D0462C67AD2D0049F24B /* RealityKitContent */ = {
			isa = XCSwiftPackageProductDependency;
			productName = RealityKitContent;
		};
/* End XCSwiftPackageProductDependency section */
	};
	rootObject = 2714D0392C67AD2D0049F24B /* Project object */;
}
